
Microsoft Visual Studio Solution File, Format Version 12.00
# Visual Studio Version 16
VisualStudioVersion = 16.0.30717.126
MinimumVisualStudioVersion = 10.0.40219.1
Project("{FAE04EC0-301F-11D3-BF4B-00C04F79EFBC}") = "S3Client", "S3Client.csproj", "{017DF951-BEA1-461D-82C0-A708E45E11D3}"
EndProject
Global
	GlobalSection(SolutionConfigurationPlatforms) = preSolution
		Debug|Any CPU = Debug|Any CPU
		Release|Any CPU = Release|Any CPU
	EndGlobalSection
	GlobalSection(ProjectConfigurationPlatforms) = postSolution
		{017DF951-BEA1-461D-82C0-A708E45E11D3}.Debug|Any CPU.ActiveCfg = Debug|Any CPU
		{017DF951-BEA1-461D-82C0-A708E45E11D3}.Debug|Any CPU.Build.0 = Debug|Any CPU
		{017DF951-BEA1-461D-82C0-A708E45E11D3}.Release|Any CPU.ActiveCfg = Release|Any CPU
		{017DF951-BEA1-461D-82C0-A708E45E11D3}.Release|Any CPU.Build.0 = Release|Any CPU
	EndGlobalSection
	GlobalSection(SolutionProperties) = preSolution
		HideSolutionNode = FALSE
	EndGlobalSection
	GlobalSection(ExtensibilityGlobals) = postSolution
		SolutionGuid = {A491F056-B0F8-4313-AFD2-13F07BF61AD0}
	EndGlobalSection
EndGlobal
